// !$*UTF8*$!
{
	archiveVersion = 1;
	classes = {
	};
	objectVersion = 50;
	objects = {

/* Begin PBXBuildFile section */
		FF039A542273475500A4C5F3 /* BounceAnimationController.swift in Sources */ = {isa = PBXBuildFile; fileRef = FF039A532273475500A4C5F3 /* BounceAnimationController.swift */; };
		FF039A5622734A6000A4C5F3 /* SlideOutAnimationController.swift in Sources */ = {isa = PBXBuildFile; fileRef = FF039A5522734A6000A4C5F3 /* SlideOutAnimationController.swift */; };
		FF0792062270A68400CCDE12 /* GradientView.swift in Sources */ = {isa = PBXBuildFile; fileRef = FF0792052270A68400CCDE12 /* GradientView.swift */; };
		FF0828B02254F9A800CB91CE /* SearchResult.swift in Sources */ = {isa = PBXBuildFile; fileRef = FF0828AF2254F9A800CB91CE /* SearchResult.swift */; };
		FF55FB81226F51C600FB1EEC /* DetailViewController.swift in Sources */ = {isa = PBXBuildFile; fileRef = FF55FB80226F51C600FB1EEC /* DetailViewController.swift */; };
		FF55FB83226F54CE00FB1EEC /* DimmingPresentationControllerswift.swift in Sources */ = {isa = PBXBuildFile; fileRef = FF55FB82226F54CE00FB1EEC /* DimmingPresentationControllerswift.swift */; };
		FF6AEAA72254EEA600C616CE /* AppDelegate.swift in Sources */ = {isa = PBXBuildFile; fileRef = FF6AEAA62254EEA600C616CE /* AppDelegate.swift */; };
		FF6AEAA92254EEA600C616CE /* SearchViewController.swift in Sources */ = {isa = PBXBuildFile; fileRef = FF6AEAA82254EEA600C616CE /* SearchViewController.swift */; };
		FF6AEAAC2254EEA600C616CE /* Main.storyboard in Resources */ = {isa = PBXBuildFile; fileRef = FF6AEAAA2254EEA600C616CE /* Main.storyboard */; };
		FF6AEAAF2254EEA600C616CE /* StoreSearch.xcdatamodeld in Sources */ = {isa = PBXBuildFile; fileRef = FF6AEAAD2254EEA600C616CE /* StoreSearch.xcdatamodeld */; };
		FF6AEAB12254EEA700C616CE /* Assets.xcassets in Resources */ = {isa = PBXBuildFile; fileRef = FF6AEAB02254EEA700C616CE /* Assets.xcassets */; };
		FF6AEAB42254EEA700C616CE /* LaunchScreen.storyboard in Resources */ = {isa = PBXBuildFile; fileRef = FF6AEAB22254EEA700C616CE /* LaunchScreen.storyboard */; };
		FFBDB764225649490020F6B3 /* SearchResultCell.xib in Resources */ = {isa = PBXBuildFile; fileRef = FFBDB763225649490020F6B3 /* SearchResultCell.xib */; };
		FFBDB76622564CC90020F6B3 /* SearchResultCell.swift in Sources */ = {isa = PBXBuildFile; fileRef = FFBDB76522564CC90020F6B3 /* SearchResultCell.swift */; };
		FFBDB76822564F8E0020F6B3 /* NothingFoundCell.xib in Resources */ = {isa = PBXBuildFile; fileRef = FFBDB76722564F8E0020F6B3 /* NothingFoundCell.xib */; };
		FFC0F8F0226A0C2E0051DD40 /* LoadingCell.xib in Resources */ = {isa = PBXBuildFile; fileRef = FFC0F8EF226A0C2E0051DD40 /* LoadingCell.xib */; };
		FFDE49D3226E0E4300ED429A /* UIImageView+DownloadImage.swift in Sources */ = {isa = PBXBuildFile; fileRef = FFDE49D2226E0E4300ED429A /* UIImageView+DownloadImage.swift */; };
/* End PBXBuildFile section */

/* Begin PBXFileReference section */
		FF039A532273475500A4C5F3 /* BounceAnimationController.swift */ = {isa = PBXFileReference; lastKnownFileType = sourcecode.swift; path = BounceAnimationController.swift; sourceTree = "<group>"; };
		FF039A5522734A6000A4C5F3 /* SlideOutAnimationController.swift */ = {isa = PBXFileReference; lastKnownFileType = sourcecode.swift; path = SlideOutAnimationController.swift; sourceTree = "<group>"; };
		FF0792052270A68400CCDE12 /* GradientView.swift */ = {isa = PBXFileReference; lastKnownFileType = sourcecode.swift; path = GradientView.swift; sourceTree = "<group>"; };
		FF0828AF2254F9A800CB91CE /* SearchResult.swift */ = {isa = PBXFileReference; lastKnownFileType = sourcecode.swift; path = SearchResult.swift; sourceTree = "<group>"; };
		FF55FB80226F51C600FB1EEC /* DetailViewController.swift */ = {isa = PBXFileReference; lastKnownFileType = sourcecode.swift; path = DetailViewController.swift; sourceTree = "<group>"; };
		FF55FB82226F54CE00FB1EEC /* DimmingPresentationControllerswift.swift */ = {isa = PBXFileReference; lastKnownFileType = sourcecode.swift; path = DimmingPresentationControllerswift.swift; sourceTree = "<group>"; };
		FF6AEAA32254EEA600C616CE /* StoreSearch.app */ = {isa = PBXFileReference; explicitFileType = wrapper.application; includeInIndex = 0; path = StoreSearch.app; sourceTree = BUILT_PRODUCTS_DIR; };
		FF6AEAA62254EEA600C616CE /* AppDelegate.swift */ = {isa = PBXFileReference; lastKnownFileType = sourcecode.swift; path = AppDelegate.swift; sourceTree = "<group>"; };
		FF6AEAA82254EEA600C616CE /* SearchViewController.swift */ = {isa = PBXFileReference; lastKnownFileType = sourcecode.swift; path = SearchViewController.swift; sourceTree = "<group>"; };
		FF6AEAAB2254EEA600C616CE /* Base */ = {isa = PBXFileReference; lastKnownFileType = file.storyboard; name = Base; path = Base.lproj/Main.storyboard; sourceTree = "<group>"; };
		FF6AEAAE2254EEA600C616CE /* StoreSearch.xcdatamodel */ = {isa = PBXFileReference; lastKnownFileType = wrapper.xcdatamodel; path = StoreSearch.xcdatamodel; sourceTree = "<group>"; };
		FF6AEAB02254EEA700C616CE /* Assets.xcassets */ = {isa = PBXFileReference; lastKnownFileType = folder.assetcatalog; path = Assets.xcassets; sourceTree = "<group>"; };
		FF6AEAB32254EEA700C616CE /* Base */ = {isa = PBXFileReference; lastKnownFileType = file.storyboard; name = Base; path = Base.lproj/LaunchScreen.storyboard; sourceTree = "<group>"; };
		FF6AEAB52254EEA700C616CE /* Info.plist */ = {isa = PBXFileReference; lastKnownFileType = text.plist.xml; path = Info.plist; sourceTree = "<group>"; };
		FFBDB763225649490020F6B3 /* SearchResultCell.xib */ = {isa = PBXFileReference; lastKnownFileType = file.xib; path = SearchResultCell.xib; sourceTree = "<group>"; };
		FFBDB76522564CC90020F6B3 /* SearchResultCell.swift */ = {isa = PBXFileReference; lastKnownFileType = sourcecode.swift; path = SearchResultCell.swift; sourceTree = "<group>"; };
		FFBDB76722564F8E0020F6B3 /* NothingFoundCell.xib */ = {isa = PBXFileReference; lastKnownFileType = file.xib; path = NothingFoundCell.xib; sourceTree = "<group>"; };
		FFC0F8EF226A0C2E0051DD40 /* LoadingCell.xib */ = {isa = PBXFileReference; lastKnownFileType = file.xib; path = LoadingCell.xib; sourceTree = "<group>"; };
		FFDE49D2226E0E4300ED429A /* UIImageView+DownloadImage.swift */ = {isa = PBXFileReference; lastKnownFileType = sourcecode.swift; path = "UIImageView+DownloadImage.swift"; sourceTree = "<group>"; };
/* End PBXFileReference section */

/* Begin PBXFrameworksBuildPhase section */
		FF6AEAA02254EEA600C616CE /* Frameworks */ = {
			isa = PBXFrameworksBuildPhase;
			buildActionMask = 2147483647;
			files = (
			);
			runOnlyForDeploymentPostprocessing = 0;
		};
/* End PBXFrameworksBuildPhase section */

/* Begin PBXGroup section */
		FF6AEA9A2254EEA600C616CE = {
			isa = PBXGroup;
			children = (
				FF6AEAA52254EEA600C616CE /* StoreSearch */,
				FF6AEAA42254EEA600C616CE /* Products */,
			);
			sourceTree = "<group>";
		};
		FF6AEAA42254EEA600C616CE /* Products */ = {
			isa = PBXGroup;
			children = (
				FF6AEAA32254EEA600C616CE /* StoreSearch.app */,
			);
			name = Products;
			sourceTree = "<group>";
		};
		FF6AEAA52254EEA600C616CE /* StoreSearch */ = {
			isa = PBXGroup;
			children = (
				FFBDB76B2256513F0020F6B3 /* View Controllers */,
				FFBDB76922564F9B0020F6B3 /* Cells */,
				FF0828AF2254F9A800CB91CE /* SearchResult.swift */,
				FF6AEAAA2254EEA600C616CE /* Main.storyboard */,
				FF6AEAA62254EEA600C616CE /* AppDelegate.swift */,
				FF6AEAB02254EEA700C616CE /* Assets.xcassets */,
				FF6AEAB22254EEA700C616CE /* LaunchScreen.storyboard */,
				FF6AEAB52254EEA700C616CE /* Info.plist */,
				FF6AEAAD2254EEA600C616CE /* StoreSearch.xcdatamodeld */,
				FFC0F8EF226A0C2E0051DD40 /* LoadingCell.xib */,
				FFDE49D2226E0E4300ED429A /* UIImageView+DownloadImage.swift */,
				FF55FB82226F54CE00FB1EEC /* DimmingPresentationControllerswift.swift */,
				FF0792052270A68400CCDE12 /* GradientView.swift */,
				FF039A532273475500A4C5F3 /* BounceAnimationController.swift */,
				FF039A5522734A6000A4C5F3 /* SlideOutAnimationController.swift */,
			);
			path = StoreSearch;
			sourceTree = "<group>";
		};
		FFBDB76922564F9B0020F6B3 /* Cells */ = {
			isa = PBXGroup;
			children = (
				FFBDB76722564F8E0020F6B3 /* NothingFoundCell.xib */,
				FFBDB76522564CC90020F6B3 /* SearchResultCell.swift */,
				FFBDB763225649490020F6B3 /* SearchResultCell.xib */,
			);
			path = Cells;
			sourceTree = "<group>";
		};
		FFBDB76B2256513F0020F6B3 /* View Controllers */ = {
			isa = PBXGroup;
			children = (
				FF6AEAA82254EEA600C616CE /* SearchViewController.swift */,
				FF55FB80226F51C600FB1EEC /* DetailViewController.swift */,
			);
			path = "View Controllers";
			sourceTree = "<group>";
		};
/* End PBXGroup section */

/* Begin PBXNativeTarget section */
		FF6AEAA22254EEA600C616CE /* StoreSearch */ = {
			isa = PBXNativeTarget;
			buildConfigurationList = FF6AEAB82254EEA700C616CE /* Build configuration list for PBXNativeTarget "StoreSearch" */;
			buildPhases = (
				FF6AEA9F2254EEA600C616CE /* Sources */,
				FF6AEAA02254EEA600C616CE /* Frameworks */,
				FF6AEAA12254EEA600C616CE /* Resources */,
			);
			buildRules = (
			);
			dependencies = (
			);
			name = StoreSearch;
			productName = StoreSearch;
			productReference = FF6AEAA32254EEA600C616CE /* StoreSearch.app */;
			productType = "com.apple.product-type.application";
		};
/* End PBXNativeTarget section */

/* Begin PBXProject section */
		FF6AEA9B2254EEA600C616CE /* Project object */ = {
			isa = PBXProject;
			attributes = {
				LastSwiftUpdateCheck = 1020;
				LastUpgradeCheck = 1020;
				ORGANIZATIONNAME = "Art Williamson";
				TargetAttributes = {
					FF6AEAA22254EEA600C616CE = {
						CreatedOnToolsVersion = 10.2;
					};
				};
			};
			buildConfigurationList = FF6AEA9E2254EEA600C616CE /* Build configuration list for PBXProject "StoreSearch" */;
			compatibilityVersion = "Xcode 9.3";
			developmentRegion = en;
			hasScannedForEncodings = 0;
			knownRegions = (
				en,
				Base,
			);
			mainGroup = FF6AEA9A2254EEA600C616CE;
			productRefGroup = FF6AEAA42254EEA600C616CE /* Products */;
			projectDirPath = "";
			projectRoot = "";
			targets = (
				FF6AEAA22254EEA600C616CE /* StoreSearch */,
			);
		};
/* End PBXProject section */

/* Begin PBXResourcesBuildPhase section */
		FF6AEAA12254EEA600C616CE /* Resources */ = {
			isa = PBXResourcesBuildPhase;
			buildActionMask = 2147483647;
			files = (
				FF6AEAB42254EEA700C616CE /* LaunchScreen.storyboard in Resources */,
				FF6AEAB12254EEA700C616CE /* Assets.xcassets in Resources */,
				FFC0F8F0226A0C2E0051DD40 /* LoadingCell.xib in Resources */,
				FFBDB764225649490020F6B3 /* SearchResultCell.xib in Resources */,
				FFBDB76822564F8E0020F6B3 /* NothingFoundCell.xib in Resources */,
				FF6AEAAC2254EEA600C616CE /* Main.storyboard in Resources */,
			);
			runOnlyForDeploymentPostprocessing = 0;
		};
/* End PBXResourcesBuildPhase section */

/* Begin PBXSourcesBuildPhase section */
		FF6AEA9F2254EEA600C616CE /* Sources */ = {
			isa = PBXSourcesBuildPhase;
			buildActionMask = 2147483647;
			files = (
				FF6AEAA92254EEA600C616CE /* SearchViewController.swift in Sources */,
				FF6AEAA72254EEA600C616CE /* AppDelegate.swift in Sources */,
				FFDE49D3226E0E4300ED429A /* UIImageView+DownloadImage.swift in Sources */,
				FF0828B02254F9A800CB91CE /* SearchResult.swift in Sources */,
				FF039A542273475500A4C5F3 /* BounceAnimationController.swift in Sources */,
				FF6AEAAF2254EEA600C616CE /* StoreSearch.xcdatamodeld in Sources */,
				FF55FB83226F54CE00FB1EEC /* DimmingPresentationControllerswift.swift in Sources */,
				FFBDB76622564CC90020F6B3 /* SearchResultCell.swift in Sources */,
				FF039A5622734A6000A4C5F3 /* SlideOutAnimationController.swift in Sources */,
				FF55FB81226F51C600FB1EEC /* DetailViewController.swift in Sources */,
				FF0792062270A68400CCDE12 /* GradientView.swift in Sources */,
			);
			runOnlyForDeploymentPostprocessing = 0;
		};
/* End PBXSourcesBuildPhase section */

/* Begin PBXVariantGroup section */
		FF6AEAAA2254EEA600C616CE /* Main.storyboard */ = {
			isa = PBXVariantGroup;
			children = (
				FF6AEAAB2254EEA600C616CE /* Base */,
			);
			name = Main.storyboard;
			sourceTree = "<group>";
		};
		FF6AEAB22254EEA700C616CE /* LaunchScreen.storyboard */ = {
			isa = PBXVariantGroup;
			children = (
				FF6AEAB32254EEA700C616CE /* Base */,
			);
			name = LaunchScreen.storyboard;
			sourceTree = "<group>";
		};
/* End PBXVariantGroup section */

/* Begin XCBuildConfiguration section */
		FF6AEAB62254EEA700C616CE /* Debug */ = {
			isa = XCBuildConfiguration;
			buildSettings = {
				ALWAYS_SEARCH_USER_PATHS = NO;
				CLANG_ANALYZER_NONNULL = YES;
				CLANG_ANALYZER_NUMBER_OBJECT_CONVERSION = YES_AGGRESSIVE;
				CLANG_CXX_LANGUAGE_STANDARD = "gnu++14";
				CLANG_CXX_LIBRARY = "libc++";
				CLANG_ENABLE_MODULES = YES;
				CLANG_ENABLE_OBJC_ARC = YES;
				CLANG_ENABLE_OBJC_WEAK = YES;
				CLANG_WARN_BLOCK_CAPTURE_AUTORELEASING = YES;
				CLANG_WARN_BOOL_CONVERSION = YES;
				CLANG_WARN_COMMA = YES;
				CLANG_WARN_CONSTANT_CONVERSION = YES;
				CLANG_WARN_DEPRECATED_OBJC_IMPLEMENTATIONS = YES;
				CLANG_WARN_DIRECT_OBJC_ISA_USAGE = YES_ERROR;
				CLANG_WARN_DOCUMENTATION_COMMENTS = YES;
				CLANG_WARN_EMPTY_BODY = YES;
				CLANG_WARN_ENUM_CONVERSION = YES;
				CLANG_WARN_INFINITE_RECURSION = YES;
				CLANG_WARN_INT_CONVERSION = YES;
				CLANG_WARN_NON_LITERAL_NULL_CONVERSION = YES;
				CLANG_WARN_OBJC_IMPLICIT_RETAIN_SELF = YES;
				CLANG_WARN_OBJC_LITERAL_CONVERSION = YES;
				CLANG_WARN_OBJC_ROOT_CLASS = YES_ERROR;
				CLANG_WARN_RANGE_LOOP_ANALYSIS = YES;
				CLANG_WARN_STRICT_PROTOTYPES = YES;
				CLANG_WARN_SUSPICIOUS_MOVE = YES;
				CLANG_WARN_UNGUARDED_AVAILABILITY = YES_AGGRESSIVE;
				CLANG_WARN_UNREACHABLE_CODE = YES;
				CLANG_WARN__DUPLICATE_METHOD_MATCH = YES;
				CODE_SIGN_IDENTITY = "iPhone Developer";
				COPY_PHASE_STRIP = NO;
				DEBUG_INFORMATION_FORMAT = dwarf;
				ENABLE_STRICT_OBJC_MSGSEND = YES;
				ENABLE_TESTABILITY = YES;
				GCC_C_LANGUAGE_STANDARD = gnu11;
				GCC_DYNAMIC_NO_PIC = NO;
				GCC_NO_COMMON_BLOCKS = YES;
				GCC_OPTIMIZATION_LEVEL = 0;
				GCC_PREPROCESSOR_DEFINITIONS = (
					"DEBUG=1",
					"$(inherited)",
				);
				GCC_WARN_64_TO_32_BIT_CONVERSION = YES;
				GCC_WARN_ABOUT_RETURN_TYPE = YES_ERROR;
				GCC_WARN_UNDECLARED_SELECTOR = YES;
				GCC_WARN_UNINITIALIZED_AUTOS = YES_AGGRESSIVE;
				GCC_WARN_UNUSED_FUNCTION = YES;
				GCC_WARN_UNUSED_VARIABLE = YES;
				IPHONEOS_DEPLOYMENT_TARGET = 12.2;
				MTL_ENABLE_DEBUG_INFO = INCLUDE_SOURCE;
				MTL_FAST_MATH = YES;
				ONLY_ACTIVE_ARCH = YES;
				SDKROOT = iphoneos;
				SWIFT_ACTIVE_COMPILATION_CONDITIONS = DEBUG;
				SWIFT_OPTIMIZATION_LEVEL = "-Onone";
			};
			name = Debug;
		};
		FF6AEAB72254EEA700C616CE /* Release */ = {
			isa = XCBuildConfiguration;
			buildSettings = {
				ALWAYS_SEARCH_USER_PATHS = NO;
				CLANG_ANALYZER_NONNULL = YES;
				CLANG_ANALYZER_NUMBER_OBJECT_CONVERSION = YES_AGGRESSIVE;
				CLANG_CXX_LANGUAGE_STANDARD = "gnu++14";
				CLANG_CXX_LIBRARY = "libc++";
				CLANG_ENABLE_MODULES = YES;
				CLANG_ENABLE_OBJC_ARC = YES;
				CLANG_ENABLE_OBJC_WEAK = YES;
				CLANG_WARN_BLOCK_CAPTURE_AUTORELEASING = YES;
				CLANG_WARN_BOOL_CONVERSION = YES;
				CLANG_WARN_COMMA = YES;
				CLANG_WARN_CONSTANT_CONVERSION = YES;
				CLANG_WARN_DEPRECATED_OBJC_IMPLEMENTATIONS = YES;
				CLANG_WARN_DIRECT_OBJC_ISA_USAGE = YES_ERROR;
				CLANG_WARN_DOCUMENTATION_COMMENTS = YES;
				CLANG_WARN_EMPTY_BODY = YES;
				CLANG_WARN_ENUM_CONVERSION = YES;
				CLANG_WARN_INFINITE_RECURSION = YES;
				CLANG_WARN_INT_CONVERSION = YES;
				CLANG_WARN_NON_LITERAL_NULL_CONVERSION = YES;
				CLANG_WARN_OBJC_IMPLICIT_RETAIN_SELF = YES;
				CLANG_WARN_OBJC_LITERAL_CONVERSION = YES;
				CLANG_WARN_OBJC_ROOT_CLASS = YES_ERROR;
				CLANG_WARN_RANGE_LOOP_ANALYSIS = YES;
				CLANG_WARN_STRICT_PROTOTYPES = YES;
				CLANG_WARN_SUSPICIOUS_MOVE = YES;
				CLANG_WARN_UNGUARDED_AVAILABILITY = YES_AGGRESSIVE;
				CLANG_WARN_UNREACHABLE_CODE = YES;
				CLANG_WARN__DUPLICATE_METHOD_MATCH = YES;
				CODE_SIGN_IDENTITY = "iPhone Developer";
				COPY_PHASE_STRIP = NO;
				DEBUG_INFORMATION_FORMAT = "dwarf-with-dsym";
				ENABLE_NS_ASSERTIONS = NO;
				ENABLE_STRICT_OBJC_MSGSEND = YES;
				GCC_C_LANGUAGE_STANDARD = gnu11;
				GCC_NO_COMMON_BLOCKS = YES;
				GCC_WARN_64_TO_32_BIT_CONVERSION = YES;
				GCC_WARN_ABOUT_RETURN_TYPE = YES_ERROR;
				GCC_WARN_UNDECLARED_SELECTOR = YES;
				GCC_WARN_UNINITIALIZED_AUTOS = YES_AGGRESSIVE;
				GCC_WARN_UNUSED_FUNCTION = YES;
				GCC_WARN_UNUSED_VARIABLE = YES;
				IPHONEOS_DEPLOYMENT_TARGET = 12.2;
				MTL_ENABLE_DEBUG_INFO = NO;
				MTL_FAST_MATH = YES;
				SDKROOT = iphoneos;
				SWIFT_COMPILATION_MODE = wholemodule;
				SWIFT_OPTIMIZATION_LEVEL = "-O";
				VALIDATE_PRODUCT = YES;
			};
			name = Release;
		};
		FF6AEAB92254EEA700C616CE /* Debug */ = {
			isa = XCBuildConfiguration;
			buildSettings = {
				ASSETCATALOG_COMPILER_APPICON_NAME = AppIcon;
				CODE_SIGN_STYLE = Automatic;
				DEVELOPMENT_TEAM = A6DU6723X3;
				INFOPLIST_FILE = StoreSearch/Info.plist;
				LD_RUNPATH_SEARCH_PATHS = (
					"$(inherited)",
					"@executable_path/Frameworks",
				);
				PRODUCT_BUNDLE_IDENTIFIER = com.ArtWilliamson.StoreSearch;
				PRODUCT_NAME = "$(TARGET_NAME)";
				SWIFT_VERSION = 5.0;
				TARGETED_DEVICE_FAMILY = "1,2";
			};
			name = Debug;
		};
		FF6AEABA2254EEA700C616CE /* Release */ = {
			isa = XCBuildConfiguration;
			buildSettings = {
				ASSETCATALOG_COMPILER_APPICON_NAME = AppIcon;
				CODE_SIGN_STYLE = Automatic;
				DEVELOPMENT_TEAM = A6DU6723X3;
				INFOPLIST_FILE = StoreSearch/Info.plist;
				LD_RUNPATH_SEARCH_PATHS = (
					"$(inherited)",
					"@executable_path/Frameworks",
				);
				PRODUCT_BUNDLE_IDENTIFIER = com.ArtWilliamson.StoreSearch;
				PRODUCT_NAME = "$(TARGET_NAME)";
				SWIFT_VERSION = 5.0;
				TARGETED_DEVICE_FAMILY = "1,2";
			};
			name = Release;
		};
/* End XCBuildConfiguration section */

/* Begin XCConfigurationList section */
		FF6AEA9E2254EEA600C616CE /* Build configuration list for PBXProject "StoreSearch" */ = {
			isa = XCConfigurationList;
			buildConfigurations = (
				FF6AEAB62254EEA700C616CE /* Debug */,
				FF6AEAB72254EEA700C616CE /* Release */,
			);
			defaultConfigurationIsVisible = 0;
			defaultConfigurationName = Release;
		};
		FF6AEAB82254EEA700C616CE /* Build configuration list for PBXNativeTarget "StoreSearch" */ = {
			isa = XCConfigurationList;
			buildConfigurations = (
				FF6AEAB92254EEA700C616CE /* Debug */,
				FF6AEABA2254EEA700C616CE /* Release */,
			);
			defaultConfigurationIsVisible = 0;
			defaultConfigurationName = Release;
		};
/* End XCConfigurationList section */

/* Begin XCVersionGroup section */
		FF6AEAAD2254EEA600C616CE /* StoreSearch.xcdatamodeld */ = {
			isa = XCVersionGroup;
			children = (
				FF6AEAAE2254EEA600C616CE /* StoreSearch.xcdatamodel */,
			);
			currentVersion = FF6AEAAE2254EEA600C616CE /* StoreSearch.xcdatamodel */;
			path = StoreSearch.xcdatamodeld;
			sourceTree = "<group>";
			versionGroupType = wrapper.xcdatamodel;
		};
/* End XCVersionGroup section */
	};
	rootObject = FF6AEA9B2254EEA600C616CE /* Project object */;
}
